Microsoft Visual Studio Solution File, Format Version 12.00
# Visual Studio Version 17
VisualStudioVersion = 17.0.31314.256
MinimumVisualStudioVersion = 10.0.40219.1
Project("{2150E333-8FDC-42A3-9474-1A3956D46DE8}") = "Automation", "Automation", "{0BFBE63A-B98A-3411-8EEB-8918FEC737B3}"
EndProject
Project("{2150E333-8FDC-42A3-9474-1A3956D46DE8}") = "Engine", "Engine", "{233774A8-CC9D-3FA9-86D1-90573E92B704}"
EndProject
Project("{2150E333-8FDC-42A3-9474-1A3956D46DE8}") = "Games", "Games", "{DE1F8B53-6C02-3C13-9101-A7C8D96F3FF6}"
EndProject
Project("{2150E333-8FDC-42A3-9474-1A3956D46DE8}") = "Programs", "Programs", "{A338B9E2-A559-34BE-A46D-F789DD488FAD}"
EndProject
Project("{2150E333-8FDC-42A3-9474-1A3956D46DE8}") = "Rules", "Rules", "{C2F57ECE-B26F-39D8-BDA7-C1D40BD8F180}"
EndProject
Project("{2150E333-8FDC-42A3-9474-1A3956D46DE8}") = "Shared", "Shared", "{57713676-9DBE-331C-AD10-26632AC9EE0C}"
EndProject
Project("{2150E333-8FDC-42A3-9474-1A3956D46DE8}") = "UnrealBuildTool.Plugins", "UnrealBuildTool.Plugins", "{7B5CFB44-F0FB-31DF-AE62-C3C096A29A7B}"
EndProject
Project("{8BC9CEB8-8B4A-11D0-8D11-00A0C91BC942}") = "UE5", "Intermediate\ProjectFiles\UE5.vcxproj", "{878C1871-C6DF-33D9-A14E-9D62E0801BE7}"
EndProject
Project("{8BC9CEB8-8B4A-11D0-8D11-00A0C91BC942}") = "AuraRPG", "Intermediate\ProjectFiles\AuraRPG.vcxproj", "{24EF8ADF-24A5-3330-8444-E386165C4070}"
	ProjectSection(ProjectDependencies) = postProject
		{B7A70A52-E9F0-31D9-A1B6-D4C689523A76} = {B7A70A52-E9F0-31D9-A1B6-D4C689523A76}
	EndProjectSection
EndProject
Project("{FAE04EC0-301F-11D3-BF4B-00C04F79EFBC}") = "UnrealBuildTool", "..\..\..\..\UE5\UE_5.3\Engine\Source\Programs\UnrealBuildTool\UnrealBuildTool.csproj", "{B7A70A52-E9F0-31D9-A1B6-D4C689523A76}"
EndProject
Project("{FAE04EC0-301F-11D3-BF4B-00C04F79EFBC}") = "AutomationTool", "..\..\..\..\UE5\UE_5.3\Engine\Source\Programs\AutomationTool\AutomationTool.csproj", "{34FE4859-55D0-3E0F-A266-87AA6722801E}"
EndProject
Project("{FAE04EC0-301F-11D3-BF4B-00C04F79EFBC}") = "Android.Automation", "..\..\..\..\UE5\UE_5.3\Engine\Source\Programs\AutomationTool\Android\Android.Automation.csproj", "{D1382CC8-5E27-3FA8-AC1C-99444CAC931B}"
EndProject
Project("{FAE04EC0-301F-11D3-BF4B-00C04F79EFBC}") = "Apple.Automation", "..\..\..\..\UE5\UE_5.3\Engine\Source\Programs\AutomationTool\Apple\Apple.Automation.csproj", "{24941E28-EC0F-3D3B-AC4E-3BAF2AB156ED}"
EndProject
Project("{FAE04EC0-301F-11D3-BF4B-00C04F79EFBC}") = "AutomationUtils.Automation", "..\..\..\..\UE5\UE_5.3\Engine\Source\Programs\AutomationTool\AutomationUtils\AutomationUtils.Automation.csproj", "{A8944D4B-B42B-33D0-B1BB-D4104F5EE171}"
EndProject
Project("{FAE04EC0-301F-11D3-BF4B-00C04F79EFBC}") = "BuildGraph.Automation", "..\..\..\..\UE5\UE_5.3\Engine\Source\Programs\AutomationTool\BuildGraph\BuildGraph.Automation.csproj", "{B1237799-CDB6-398E-A85A-5A8D222DC1A2}"
EndProject
Project("{FAE04EC0-301F-11D3-BF4B-00C04F79EFBC}") = "CookedEditor.Automation", "..\..\..\..\UE5\UE_5.3\Engine\Source\Programs\AutomationTool\CookedEditor\CookedEditor.Automation.csproj", "{505D254D-276E-3C87-9734-EF8BC13BD11B}"
EndProject
Project("{FAE04EC0-301F-11D3-BF4B-00C04F79EFBC}") = "CrowdinLocalization.Automation", "..\..\..\..\UE5\UE_5.3\Engine\Source\Programs\AutomationTool\CrowdinLocalization\CrowdinLocalization.Automation.csproj", "{5CBC4459-228C-30FC-8537-87F1489D7E1E}"
EndProject
Project("{FAE04EC0-301F-11D3-BF4B-00C04F79EFBC}") = "Gauntlet.Automation", "..\..\..\..\UE5\UE_5.3\Engine\Source\Programs\AutomationTool\Gauntlet\Gauntlet.Automation.csproj", "{4FE41868-0FDF-3C59-BADD-1C1788762DFF}"
EndProject
Project("{FAE04EC0-301F-11D3-BF4B-00C04F79EFBC}") = "IOS.Automation", "..\..\..\..\UE5\UE_5.3\Engine\Source\Programs\AutomationTool\IOS\IOS.Automation.csproj", "{19DC766D-C94E-3896-BB78-29EECBB2D853}"
EndProject
Project("{FAE04EC0-301F-11D3-BF4B-00C04F79EFBC}") = "Linux.Automation", "..\..\..\..\UE5\UE_5.3\Engine\Source\Programs\AutomationTool\Linux\Linux.Automation.csproj", "{B88C1FD0-A93F-3454-8536-00273DAB7030}"
EndProject
Project("{FAE04EC0-301F-11D3-BF4B-00C04F79EFBC}") = "Localization.Automation", "..\..\..\..\UE5\UE_5.3\Engine\Source\Programs\AutomationTool\Localization\Localization.Automation.csproj", "{CC4C4A71-A4E8-3EDA-9F35-BD24F212EC4F}"
EndProject
Project("{FAE04EC0-301F-11D3-BF4B-00C04F79EFBC}") = "LowLevelTests.Automation", "..\..\..\..\UE5\UE_5.3\Engine\Source\Programs\AutomationTool\LowLevelTests\LowLevelTests.Automation.csproj", "{67711DF6-909D-3261-8584-90D11CEF4A9B}"
EndProject
Project("{FAE04EC0-301F-11D3-BF4B-00C04F79EFBC}") = "Mac.Automation", "..\..\..\..\UE5\UE_5.3\Engine\Source\Programs\AutomationTool\Mac\Mac.Automation.csproj", "{01CE907C-6C14-300E-9F24-19CBA412B09B}"
EndProject
Project("{FAE04EC0-301F-11D3-BF4B-00C04F79EFBC}") = "OneSkyLocalization.Automation", "..\..\..\..\UE5\UE_5.3\Engine\Source\Programs\AutomationTool\OneSkyLocalization\OneSkyLocalization.Automation.csproj", "{FF385709-C7B7-307C-A4E4-5400CC5A7A3D}"
EndProject
Project("{FAE04EC0-301F-11D3-BF4B-00C04F79EFBC}") = "AutomationScripts.Automation", "..\..\..\..\UE5\UE_5.3\Engine\Source\Programs\AutomationTool\Scripts\AutomationScripts.Automation.csproj", "{4FE1E405-6AAC-3CC8-BB7A-42C6E22559D6}"
EndProject
Project("{FAE04EC0-301F-11D3-BF4B-00C04F79EFBC}") = "SmartlingLocalization.Automation", "..\..\..\..\UE5\UE_5.3\Engine\Source\Programs\AutomationTool\SmartlingLocalization\SmartlingLocalization.Automation.csproj", "{F4C76368-8B46-3BF2-99CF-3ECDE1CFD964}"
EndProject
Project("{FAE04EC0-301F-11D3-BF4B-00C04F79EFBC}") = "SteamDeck.Automation", "..\..\..\..\UE5\UE_5.3\Engine\Source\Programs\AutomationTool\SteamDeck\SteamDeck.Automation.csproj", "{DE49E7EF-C2F2-395D-B7D5-51408640B892}"
EndProject
Project("{FAE04EC0-301F-11D3-BF4B-00C04F79EFBC}") = "TVOS.Automation", "..\..\..\..\UE5\UE_5.3\Engine\Source\Programs\AutomationTool\TVOS\TVOS.Automation.csproj", "{F5793245-D849-3153-9546-C9BDFB8229E6}"
EndProject
Project("{FAE04EC0-301F-11D3-BF4B-00C04F79EFBC}") = "Turnkey.Automation", "..\..\..\..\UE5\UE_5.3\Engine\Source\Programs\AutomationTool\Turnkey\Turnkey.Automation.csproj", "{AF06724B-CA46-359F-A465-648C2EB40264}"
EndProject
Project("{FAE04EC0-301F-11D3-BF4B-00C04F79EFBC}") = "Win.Automation", "..\..\..\..\UE5\UE_5.3\Engine\Source\Programs\AutomationTool\Win\Win.Automation.csproj", "{AFDE5165-326A-3330-AEEF-8F0EF612F569}"
EndProject
Project("{FAE04EC0-301F-11D3-BF4B-00C04F79EFBC}") = "XLocLocalization.Automation", "..\..\..\..\UE5\UE_5.3\Engine\Source\Programs\AutomationTool\XLocLocalization\XLocLocalization.Automation.csproj", "{D4B68E08-B790-373F-9F88-349654467441}"
EndProject
Project("{FAE04EC0-301F-11D3-BF4B-00C04F79EFBC}") = "ScriptGeneratorUbtPlugin.ubtplugin", "..\..\..\..\UE5\UE_5.3\Engine\Plugins\ScriptPlugin\Source\ScriptGeneratorUbtPlugin\ScriptGeneratorUbtPlugin.ubtplugin.csproj", "{643DA689-4EF6-3319-AE86-BC60C0D5B55A}"
EndProject
Project("{FAE04EC0-301F-11D3-BF4B-00C04F79EFBC}") = "EpicGames.AspNet", "..\..\..\..\UE5\UE_5.3\Engine\Source\Programs\Shared\EpicGames.AspNet\EpicGames.AspNet.csproj", "{7B4E906A-8957-3F06-A4EB-6740EC641FD0}"
EndProject
Project("{FAE04EC0-301F-11D3-BF4B-00C04F79EFBC}") = "EpicGames.Box", "..\..\..\..\UE5\UE_5.3\Engine\Source\Programs\Shared\EpicGames.Box\EpicGames.Box.csproj", "{C4E73B8A-403D-3508-991E-845F825602A4}"
EndProject
Project("{FAE04EC0-301F-11D3-BF4B-00C04F79EFBC}") = "EpicGames.Build", "..\..\..\..\UE5\UE_5.3\Engine\Source\Programs\Shared\EpicGames.Build\EpicGames.Build.csproj", "{3684EDC7-F48B-3EBB-A0C2-88710B4ACE9F}"
EndProject
Project("{FAE04EC0-301F-11D3-BF4B-00C04F79EFBC}") = "EpicGames.BuildGraph", "..\..\..\..\UE5\UE_5.3\Engine\Source\Programs\Shared\EpicGames.BuildGraph\EpicGames.BuildGraph.csproj", "{F01B9DF0-8A20-3D28-B428-FEC076169C22}"
EndProject
Project("{FAE04EC0-301F-11D3-BF4B-00C04F79EFBC}") = "EpicGames.Core", "..\..\..\..\UE5\UE_5.3\Engine\Source\Programs\Shared\EpicGames.Core\EpicGames.Core.csproj", "{DB4C15F0-DE4B-32AC-958E-F83A50A94CCF}"
EndProject
Project("{FAE04EC0-301F-11D3-BF4B-00C04F79EFBC}") = "EpicGames.Horde", "..\..\..\..\UE5\UE_5.3\Engine\Source\Programs\Shared\EpicGames.Horde\EpicGames.Horde.csproj", "{88899844-E45F-3D07-BA2A-C851E03B1AA8}"
EndProject
Project("{FAE04EC0-301F-11D3-BF4B-00C04F79EFBC}") = "EpicGames.IoHash", "..\..\..\..\UE5\UE_5.3\Engine\Source\Programs\Shared\EpicGames.IoHash\EpicGames.IoHash.csproj", "{526263B1-893E-39C0-9EB1-3D7739BAEC27}"
EndProject
Project("{FAE04EC0-301F-11D3-BF4B-00C04F79EFBC}") = "EpicGames.Jupiter", "..\..\..\..\UE5\UE_5.3\Engine\Source\Programs\Shared\EpicGames.Jupiter\EpicGames.Jupiter.csproj", "{1BEFD87A-EF14-3E67-A723-B54BD7B04017}"
EndProject
Project("{FAE04EC0-301F-11D3-BF4B-00C04F79EFBC}") = "EpicGames.MongoDB", "..\..\..\..\UE5\UE_5.3\Engine\Source\Programs\Shared\EpicGames.MongoDB\EpicGames.MongoDB.csproj", "{9FF88FFB-0B97-31EE-8F1F-F28EB3AAF759}"
EndProject
Project("{FAE04EC0-301F-11D3-BF4B-00C04F79EFBC}") = "EpicGames.MsBuild", "..\..\..\..\UE5\UE_5.3\Engine\Source\Programs\Shared\EpicGames.MsBuild\EpicGames.MsBuild.csproj", "{800A2899-B5F2-3005-A4A5-227309F2C277}"
EndProject
Project("{FAE04EC0-301F-11D3-BF4B-00C04F79EFBC}") = "EpicGames.OIDC", "..\..\..\..\UE5\UE_5.3\Engine\Source\Programs\Shared\EpicGames.OIDC\EpicGames.OIDC.csproj", "{08D5AEF9-5DB5-3B52-8927-E0C75D186645}"
EndProject
Project("{FAE04EC0-301F-11D3-BF4B-00C04F79EFBC}") = "EpicGames.Oodle", "..\..\..\..\UE5\UE_5.3\Engine\Source\Programs\Shared\EpicGames.Oodle\EpicGames.Oodle.csproj", "{67165886-8B7D-346A-9D1D-F3266BCB11E2}"
EndProject
Project("{FAE04EC0-301F-11D3-BF4B-00C04F79EFBC}") = "EpicGames.Perforce", "..\..\..\..\UE5\UE_5.3\Engine\Source\Programs\Shared\EpicGames.Perforce\EpicGames.Perforce.csproj", "{3BEE234E-C426-3EB6-8D19-E69F06A90B19}"
EndProject
Project("{FAE04EC0-301F-11D3-BF4B-00C04F79EFBC}") = "EpicGames.Perforce.Fixture", "..\..\..\..\UE5\UE_5.3\Engine\Source\Programs\Shared\EpicGames.Perforce.Fixture\EpicGames.Perforce.Fixture.csproj", "{6EC99520-D576-3425-8E2D-51F9FF6F6D79}"
EndProject
Project("{FAE04EC0-301F-11D3-BF4B-00C04F79EFBC}") = "EpicGames.Perforce.Managed", "..\..\..\..\UE5\UE_5.3\Engine\Source\Programs\Shared\EpicGames.Perforce.Managed\EpicGames.Perforce.Managed.csproj", "{384D4777-7F43-35D2-B7C9-8CFC118C0210}"
EndProject
Project("{FAE04EC0-301F-11D3-BF4B-00C04F79EFBC}") = "EpicGames.Redis", "..\..\..\..\UE5\UE_5.3\Engine\Source\Programs\Shared\EpicGames.Redis\EpicGames.Redis.csproj", "{F264732E-6195-3A65-A7F3-2A65010C60F7}"
EndProject
Project("{FAE04EC0-301F-11D3-BF4B-00C04F79EFBC}") = "EpicGames.Serialization", "..\..\..\..\UE5\UE_5.3\Engine\Source\Programs\Shared\EpicGames.Serialization\EpicGames.Serialization.csproj", "{4119B5DE-80A8-32AB-8A5A-3F5CA87EB918}"
EndProject
Project("{FAE04EC0-301F-11D3-BF4B-00C04F79EFBC}") = "EpicGames.Slack", "..\..\..\..\UE5\UE_5.3\Engine\Source\Programs\Shared\EpicGames.Slack\EpicGames.Slack.csproj", "{F024EDB0-2025-3CDD-99E8-B417758A3D60}"
EndProject
Project("{FAE04EC0-301F-11D3-BF4B-00C04F79EFBC}") = "EpicGames.Tracing", "..\..\..\..\UE5\UE_5.3\Engine\Source\Programs\Shared\EpicGames.Tracing\EpicGames.Tracing.csproj", "{04BFD6CE-C1BA-33F6-A1F8-0827A68646F2}"
EndProject
Project("{FAE04EC0-301F-11D3-BF4B-00C04F79EFBC}") = "EpicGames.UHT", "..\..\..\..\UE5\UE_5.3\Engine\Source\Programs\Shared\EpicGames.UHT\EpicGames.UHT.csproj", "{6957F792-E7FF-316D-8400-0B0E3AE1CC06}"
EndProject
Project("{FAE04EC0-301F-11D3-BF4B-00C04F79EFBC}") = "UE5ProgramRules", "..\..\..\..\UE5\UE_5.3\Engine\Intermediate\Build\BuildRulesProjects\UE5ProgramRules\UE5ProgramRules.csproj", "{42DE493B-3EAE-37E8-B779-BFB2C4276F4A}"
EndProject
Project("{FAE04EC0-301F-11D3-BF4B-00C04F79EFBC}") = "UE5Rules", "..\..\..\..\UE5\UE_5.3\Engine\Intermediate\Build\BuildRulesProjects\UE5Rules\UE5Rules.csproj", "{5F7E0969-5BEB-3ED2-AA3B-6EF664A89835}"
EndProject
Project("{FAE04EC0-301F-11D3-BF4B-00C04F79EFBC}") = "AuraRPGModuleRules", "Intermediate\Build\BuildRulesProjects\AuraRPGModuleRules\AuraRPGModuleRules.csproj", "{03C2981D-C599-359B-84B6-897585F4BF36}"
EndProject
Project("{2150E333-8FDC-42A3-9474-1A3956D46DE8}") = "Visualizers", "Visualizers", "{1CCEC849-CC72-4C59-8C36-2F7C38706D4C}"
	ProjectSection(SolutionItems) = preProject
		..\..\..\..\UE5\UE_5.3\Engine\Extras\VisualStudioDebugging\Unreal.natstepfilter = ..\..\..\..\UE5\UE_5.3\Engine\Extras\VisualStudioDebugging\Unreal.natstepfilter
		..\..\..\..\UE5\UE_5.3\Engine\Extras\VisualStudioDebugging\Unreal.natvis = ..\..\..\..\UE5\UE_5.3\Engine\Extras\VisualStudioDebugging\Unreal.natvis
	EndProjectSection
EndProject
Global
	GlobalSection(SolutionConfigurationPlatforms) = preSolution
		DebugGame Editor|Win64 = DebugGame Editor|Win64
		DebugGame|Win64 = DebugGame|Win64
		Development Editor|Win64 = Development Editor|Win64
		Development|Win64 = Development|Win64
		Shipping|Win64 = Shipping|Win64
	EndGlobalSection
	GlobalSection(ProjectConfigurationPlatforms) = postSolution
		{878C1871-C6DF-33D9-A14E-9D62E0801BE7}.DebugGame Editor|Win64.ActiveCfg = BuiltWithUnrealBuildTool|Win64
		{878C1871-C6DF-33D9-A14E-9D62E0801BE7}.DebugGame|Win64.ActiveCfg = BuiltWithUnrealBuildTool|Win64
		{878C1871-C6DF-33D9-A14E-9D62E0801BE7}.Development Editor|Win64.ActiveCfg = BuiltWithUnrealBuildTool|Win64
		{878C1871-C6DF-33D9-A14E-9D62E0801BE7}.Development|Win64.ActiveCfg = BuiltWithUnrealBuildTool|Win64
		{878C1871-C6DF-33D9-A14E-9D62E0801BE7}.Shipping|Win64.ActiveCfg = BuiltWithUnrealBuildTool|Win64
		{24EF8ADF-24A5-3330-8444-E386165C4070}.DebugGame Editor|Win64.ActiveCfg = DebugGame_Editor|x64
		{24EF8ADF-24A5-3330-8444-E386165C4070}.DebugGame Editor|Win64.Build.0 = DebugGame_Editor|x64
		{24EF8ADF-24A5-3330-8444-E386165C4070}.DebugGame|Win64.ActiveCfg = DebugGame|x64
		{24EF8ADF-24A5-3330-8444-E386165C4070}.DebugGame|Win64.Build.0 = DebugGame|x64
		{24EF8ADF-24A5-3330-8444-E386165C4070}.Development Editor|Win64.ActiveCfg = Development_Editor|x64
		{24EF8ADF-24A5-3330-8444-E386165C4070}.Development Editor|Win64.Build.0 = Development_Editor|x64
		{24EF8ADF-24A5-3330-8444-E386165C4070}.Development|Win64.ActiveCfg = Development|x64
		{24EF8ADF-24A5-3330-8444-E386165C4070}.Development|Win64.Build.0 = Development|x64
		{24EF8ADF-24A5-3330-8444-E386165C4070}.Shipping|Win64.ActiveCfg = Shipping|x64
		{24EF8ADF-24A5-3330-8444-E386165C4070}.Shipping|Win64.Build.0 = Shipping|x64
		{B7A70A52-E9F0-31D9-A1B6-D4C689523A76}.DebugGame Editor|Win64.ActiveCfg = Development|Any CPU
		{B7A70A52-E9F0-31D9-A1B6-D4C689523A76}.DebugGame Editor|Win64.Build.0 = Development|Any CPU
		{B7A70A52-E9F0-31D9-A1B6-D4C689523A76}.DebugGame|Win64.ActiveCfg = Development|Any CPU
		{B7A70A52-E9F0-31D9-A1B6-D4C689523A76}.DebugGame|Win64.Build.0 = Development|Any CPU
		{B7A70A52-E9F0-31D9-A1B6-D4C689523A76}.Development Editor|Win64.ActiveCfg = Development|Any CPU
		{B7A70A52-E9F0-31D9-A1B6-D4C689523A76}.Development Editor|Win64.Build.0 = Development|Any CPU
		{B7A70A52-E9F0-31D9-A1B6-D4C689523A76}.Development|Win64.ActiveCfg = Development|Any CPU
		{B7A70A52-E9F0-31D9-A1B6-D4C689523A76}.Development|Win64.Build.0 = Development|Any CPU
		{B7A70A52-E9F0-31D9-A1B6-D4C689523A76}.Shipping|Win64.ActiveCfg = Development|Any CPU
		{B7A70A52-E9F0-31D9-A1B6-D4C689523A76}.Shipping|Win64.Build.0 = Development|Any CPU
		{34FE4859-55D0-3E0F-A266-87AA6722801E}.DebugGame Editor|Win64.ActiveCfg = Development|Any CPU
		{34FE4859-55D0-3E0F-A266-87AA6722801E}.DebugGame Editor|Win64.Build.0 = Development|Any CPU
		{34FE4859-55D0-3E0F-A266-87AA6722801E}.DebugGame|Win64.ActiveCfg = Development|Any CPU
		{34FE4859-55D0-3E0F-A266-87AA6722801E}.DebugGame|Win64.Build.0 = Development|Any CPU
		{34FE4859-55D0-3E0F-A266-87AA6722801E}.Development Editor|Win64.ActiveCfg = Development|Any CPU
		{34FE4859-55D0-3E0F-A266-87AA6722801E}.Development Editor|Win64.Build.0 = Development|Any CPU
		{34FE4859-55D0-3E0F-A266-87AA6722801E}.Development|Win64.ActiveCfg = Development|Any CPU
		{34FE4859-55D0-3E0F-A266-87AA6722801E}.Development|Win64.Build.0 = Development|Any CPU
		{34FE4859-55D0-3E0F-A266-87AA6722801E}.Shipping|Win64.ActiveCfg = Development|Any CPU
		{34FE4859-55D0-3E0F-A266-87AA6722801E}.Shipping|Win64.Build.0 = Development|Any CPU
		{D1382CC8-5E27-3FA8-AC1C-99444CAC931B}.DebugGame Editor|Win64.ActiveCfg = Development|Any CPU
		{D1382CC8-5E27-3FA8-AC1C-99444CAC931B}.DebugGame Editor|Win64.Build.0 = Development|Any CPU
		{D1382CC8-5E27-3FA8-AC1C-99444CAC931B}.DebugGame|Win64.ActiveCfg = Development|Any CPU
		{D1382CC8-5E27-3FA8-AC1C-99444CAC931B}.DebugGame|Win64.Build.0 = Development|Any CPU
		{D1382CC8-5E27-3FA8-AC1C-99444CAC931B}.Development Editor|Win64.ActiveCfg = Development|Any CPU
		{D1382CC8-5E27-3FA8-AC1C-99444CAC931B}.Development Editor|Win64.Build.0 = Development|Any CPU
		{D1382CC8-5E27-3FA8-AC1C-99444CAC931B}.Development|Win64.ActiveCfg = Development|Any CPU
		{D1382CC8-5E27-3FA8-AC1C-99444CAC931B}.Development|Win64.Build.0 = Development|Any CPU
		{D1382CC8-5E27-3FA8-AC1C-99444CAC931B}.Shipping|Win64.ActiveCfg = Development|Any CPU
		{D1382CC8-5E27-3FA8-AC1C-99444CAC931B}.Shipping|Win64.Build.0 = Development|Any CPU
		{24941E28-EC0F-3D3B-AC4E-3BAF2AB156ED}.DebugGame Editor|Win64.ActiveCfg = Development|Any CPU
		{24941E28-EC0F-3D3B-AC4E-3BAF2AB156ED}.DebugGame Editor|Win64.Build.0 = Development|Any CPU
		{24941E28-EC0F-3D3B-AC4E-3BAF2AB156ED}.DebugGame|Win64.ActiveCfg = Development|Any CPU
		{24941E28-EC0F-3D3B-AC4E-3BAF2AB156ED}.DebugGame|Win64.Build.0 = Development|Any CPU
		{24941E28-EC0F-3D3B-AC4E-3BAF2AB156ED}.Development Editor|Win64.ActiveCfg = Development|Any CPU
		{24941E28-EC0F-3D3B-AC4E-3BAF2AB156ED}.Development Editor|Win64.Build.0 = Development|Any CPU
		{24941E28-EC0F-3D3B-AC4E-3BAF2AB156ED}.Development|Win64.ActiveCfg = Development|Any CPU
		{24941E28-EC0F-3D3B-AC4E-3BAF2AB156ED}.Development|Win64.Build.0 = Development|Any CPU
		{24941E28-EC0F-3D3B-AC4E-3BAF2AB156ED}.Shipping|Win64.ActiveCfg = Development|Any CPU
		{24941E28-EC0F-3D3B-AC4E-3BAF2AB156ED}.Shipping|Win64.Build.0 = Development|Any CPU
		{A8944D4B-B42B-33D0-B1BB-D4104F5EE171}.DebugGame Editor|Win64.ActiveCfg = Development|Any CPU
		{A8944D4B-B42B-33D0-B1BB-D4104F5EE171}.DebugGame Editor|Win64.Build.0 = Development|Any CPU
		{A8944D4B-B42B-33D0-B1BB-D4104F5EE171}.DebugGame|Win64.ActiveCfg = Development|Any CPU
		{A8944D4B-B42B-33D0-B1BB-D4104F5EE171}.DebugGame|Win64.Build.0 = Development|Any CPU
		{A8944D4B-B42B-33D0-B1BB-D4104F5EE171}.Development Editor|Win64.ActiveCfg = Development|Any CPU
		{A8944D4B-B42B-33D0-B1BB-D4104F5EE171}.Development Editor|Win64.Build.0 = Development|Any CPU
		{A8944D4B-B42B-33D0-B1BB-D4104F5EE171}.Development|Win64.ActiveCfg = Development|Any CPU
		{A8944D4B-B42B-33D0-B1BB-D4104F5EE171}.Development|Win64.Build.0 = Development|Any CPU
		{A8944D4B-B42B-33D0-B1BB-D4104F5EE171}.Shipping|Win64.ActiveCfg = Development|Any CPU
		{A8944D4B-B42B-33D0-B1BB-D4104F5EE171}.Shipping|Win64.Build.0 = Development|Any CPU
		{B1237799-CDB6-398E-A85A-5A8D222DC1A2}.DebugGame Editor|Win64.ActiveCfg = Development|Any CPU
		{B1237799-CDB6-398E-A85A-5A8D222DC1A2}.DebugGame Editor|Win64.Build.0 = Development|Any CPU
		{B1237799-CDB6-398E-A85A-5A8D222DC1A2}.DebugGame|Win64.ActiveCfg = Development|Any CPU
		{B1237799-CDB6-398E-A85A-5A8D222DC1A2}.DebugGame|Win64.Build.0 = Development|Any CPU
		{B1237799-CDB6-398E-A85A-5A8D222DC1A2}.Development Editor|Win64.ActiveCfg = Development|Any CPU
		{B1237799-CDB6-398E-A85A-5A8D222DC1A2}.Development Editor|Win64.Build.0 = Development|Any CPU
		{B1237799-CDB6-398E-A85A-5A8D222DC1A2}.Development|Win64.ActiveCfg = Development|Any CPU
		{B1237799-CDB6-398E-A85A-5A8D222DC1A2}.Development|Win64.Build.0 = Development|Any CPU
		{B1237799-CDB6-398E-A85A-5A8D222DC1A2}.Shipping|Win64.ActiveCfg = Development|Any CPU
		{B1237799-CDB6-398E-A85A-5A8D222DC1A2}.Shipping|Win64.Build.0 = Development|Any CPU
		{505D254D-276E-3C87-9734-EF8BC13BD11B}.DebugGame Editor|Win64.ActiveCfg = Development|Any CPU
		{505D254D-276E-3C87-9734-EF8BC13BD11B}.DebugGame Editor|Win64.Build.0 = Development|Any CPU
		{505D254D-276E-3C87-9734-EF8BC13BD11B}.DebugGame|Win64.ActiveCfg = Development|Any CPU
		{505D254D-276E-3C87-9734-EF8BC13BD11B}.DebugGame|Win64.Build.0 = Development|Any CPU
		{505D254D-276E-3C87-9734-EF8BC13BD11B}.Development Editor|Win64.ActiveCfg = Development|Any CPU
		{505D254D-276E-3C87-9734-EF8BC13BD11B}.Development Editor|Win64.Build.0 = Development|Any CPU
		{505D254D-276E-3C87-9734-EF8BC13BD11B}.Development|Win64.ActiveCfg = Development|Any CPU
		{505D254D-276E-3C87-9734-EF8BC13BD11B}.Development|Win64.Build.0 = Development|Any CPU
		{505D254D-276E-3C87-9734-EF8BC13BD11B}.Shipping|Win64.ActiveCfg = Development|Any CPU
		{505D254D-276E-3C87-9734-EF8BC13BD11B}.Shipping|Win64.Build.0 = Development|Any CPU
		{5CBC4459-228C-30FC-8537-87F1489D7E1E}.DebugGame Editor|Win64.ActiveCfg = Development|Any CPU
		{5CBC4459-228C-30FC-8537-87F1489D7E1E}.DebugGame Editor|Win64.Build.0 = Development|Any CPU
		{5CBC4459-228C-30FC-8537-87F1489D7E1E}.DebugGame|Win64.ActiveCfg = Development|Any CPU
		{5CBC4459-228C-30FC-8537-87F1489D7E1E}.DebugGame|Win64.Build.0 = Development|Any CPU
		{5CBC4459-228C-30FC-8537-87F1489D7E1E}.Development Editor|Win64.ActiveCfg = Development|Any CPU
		{5CBC4459-228C-30FC-8537-87F1489D7E1E}.Development Editor|Win64.Build.0 = Development|Any CPU
		{5CBC4459-228C-30FC-8537-87F1489D7E1E}.Development|Win64.ActiveCfg = Development|Any CPU
		{5CBC4459-228C-30FC-8537-87F1489D7E1E}.Development|Win64.Build.0 = Development|Any CPU
		{5CBC4459-228C-30FC-8537-87F1489D7E1E}.Shipping|Win64.ActiveCfg = Development|Any CPU
		{5CBC4459-228C-30FC-8537-87F1489D7E1E}.Shipping|Win64.Build.0 = Development|Any CPU
		{4FE41868-0FDF-3C59-BADD-1C1788762DFF}.DebugGame Editor|Win64.ActiveCfg = Development|Any CPU
		{4FE41868-0FDF-3C59-BADD-1C1788762DFF}.DebugGame Editor|Win64.Build.0 = Development|Any CPU
		{4FE41868-0FDF-3C59-BADD-1C1788762DFF}.DebugGame|Win64.ActiveCfg = Development|Any CPU
		{4FE41868-0FDF-3C59-BADD-1C1788762DFF}.DebugGame|Win64.Build.0 = Development|Any CPU
		{4FE41868-0FDF-3C59-BADD-1C1788762DFF}.Development Editor|Win64.ActiveCfg = Development|Any CPU
		{4FE41868-0FDF-3C59-BADD-1C1788762DFF}.Development Editor|Win64.Build.0 = Development|Any CPU
		{4FE41868-0FDF-3C59-BADD-1C1788762DFF}.Development|Win64.ActiveCfg = Development|Any CPU
		{4FE41868-0FDF-3C59-BADD-1C1788762DFF}.Development|Win64.Build.0 = Development|Any CPU
		{4FE41868-0FDF-3C59-BADD-1C1788762DFF}.Shipping|Win64.ActiveCfg = Development|Any CPU
		{4FE41868-0FDF-3C59-BADD-1C1788762DFF}.Shipping|Win64.Build.0 = Development|Any CPU
		{19DC766D-C94E-3896-BB78-29EECBB2D853}.DebugGame Editor|Win64.ActiveCfg = Development|Any CPU
		{19DC766D-C94E-3896-BB78-29EECBB2D853}.DebugGame Editor|Win64.Build.0 = Development|Any CPU
		{19DC766D-C94E-3896-BB78-29EECBB2D853}.DebugGame|Win64.ActiveCfg = Development|Any CPU
		{19DC766D-C94E-3896-BB78-29EECBB2D853}.DebugGame|Win64.Build.0 = Development|Any CPU
		{19DC766D-C94E-3896-BB78-29EECBB2D853}.Development Editor|Win64.ActiveCfg = Development|Any CPU
		{19DC766D-C94E-3896-BB78-29EECBB2D853}.Development Editor|Win64.Build.0 = Development|Any CPU
		{19DC766D-C94E-3896-BB78-29EECBB2D853}.Development|Win64.ActiveCfg = Development|Any CPU
		{19DC766D-C94E-3896-BB78-29EECBB2D853}.Development|Win64.Build.0 = Development|Any CPU
		{19DC766D-C94E-3896-BB78-29EECBB2D853}.Shipping|Win64.ActiveCfg = Development|Any CPU
		{19DC766D-C94E-3896-BB78-29EECBB2D853}.Shipping|Win64.Build.0 = Development|Any CPU
		{B88C1FD0-A93F-3454-8536-00273DAB7030}.DebugGame Editor|Win64.ActiveCfg = Development|Any CPU
		{B88C1FD0-A93F-3454-8536-00273DAB7030}.DebugGame Editor|Win64.Build.0 = Development|Any CPU
		{B88C1FD0-A93F-3454-8536-00273DAB7030}.DebugGame|Win64.ActiveCfg = Development|Any CPU
		{B88C1FD0-A93F-3454-8536-00273DAB7030}.DebugGame|Win64.Build.0 = Development|Any CPU
		{B88C1FD0-A93F-3454-8536-00273DAB7030}.Development Editor|Win64.ActiveCfg = Development|Any CPU
		{B88C1FD0-A93F-3454-8536-00273DAB7030}.Development Editor|Win64.Build.0 = Development|Any CPU
		{B88C1FD0-A93F-3454-8536-00273DAB7030}.Development|Win64.ActiveCfg = Development|Any CPU
		{B88C1FD0-A93F-3454-8536-00273DAB7030}.Development|Win64.Build.0 = Development|Any CPU
		{B88C1FD0-A93F-3454-8536-00273DAB7030}.Shipping|Win64.ActiveCfg = Development|Any CPU
		{B88C1FD0-A93F-3454-8536-00273DAB7030}.Shipping|Win64.Build.0 = Development|Any CPU
		{CC4C4A71-A4E8-3EDA-9F35-BD24F212EC4F}.DebugGame Editor|Win64.ActiveCfg = Development|Any CPU
		{CC4C4A71-A4E8-3EDA-9F35-BD24F212EC4F}.DebugGame Editor|Win64.Build.0 = Development|Any CPU
		{CC4C4A71-A4E8-3EDA-9F35-BD24F212EC4F}.DebugGame|Win64.ActiveCfg = Development|Any CPU
		{CC4C4A71-A4E8-3EDA-9F35-BD24F212EC4F}.DebugGame|Win64.Build.0 = Development|Any CPU
		{CC4C4A71-A4E8-3EDA-9F35-BD24F212EC4F}.Development Editor|Win64.ActiveCfg = Development|Any CPU
		{CC4C4A71-A4E8-3EDA-9F35-BD24F212EC4F}.Development Editor|Win64.Build.0 = Development|Any CPU
		{CC4C4A71-A4E8-3EDA-9F35-BD24F212EC4F}.Development|Win64.ActiveCfg = Development|Any CPU
		{CC4C4A71-A4E8-3EDA-9F35-BD24F212EC4F}.Development|Win64.Build.0 = Development|Any CPU
		{CC4C4A71-A4E8-3EDA-9F35-BD24F212EC4F}.Shipping|Win64.ActiveCfg = Development|Any CPU
		{CC4C4A71-A4E8-3EDA-9F35-BD24F212EC4F}.Shipping|Win64.Build.0 = Development|Any CPU
		{67711DF6-909D-3261-8584-90D11CEF4A9B}.DebugGame Editor|Win64.ActiveCfg = Development|Any CPU
		{67711DF6-909D-3261-8584-90D11CEF4A9B}.DebugGame Editor|Win64.Build.0 = Development|Any CPU
		{67711DF6-909D-3261-8584-90D11CEF4A9B}.DebugGame|Win64.ActiveCfg = Development|Any CPU
		{67711DF6-909D-3261-8584-90D11CEF4A9B}.DebugGame|Win64.Build.0 = Development|Any CPU
		{67711DF6-909D-3261-8584-90D11CEF4A9B}.Development Editor|Win64.ActiveCfg = Development|Any CPU
		{67711DF6-909D-3261-8584-90D11CEF4A9B}.Development Editor|Win64.Build.0 = Development|Any CPU
		{67711DF6-909D-3261-8584-90D11CEF4A9B}.Development|Win64.ActiveCfg = Development|Any CPU
		{67711DF6-909D-3261-8584-90D11CEF4A9B}.Development|Win64.Build.0 = Development|Any CPU
		{67711DF6-909D-3261-8584-90D11CEF4A9B}.Shipping|Win64.ActiveCfg = Development|Any CPU
		{67711DF6-909D-3261-8584-90D11CEF4A9B}.Shipping|Win64.Build.0 = Development|Any CPU
		{01CE907C-6C14-300E-9F24-19CBA412B09B}.DebugGame Editor|Win64.ActiveCfg = Development|Any CPU
		{01CE907C-6C14-300E-9F24-19CBA412B09B}.DebugGame Editor|Win64.Build.0 = Development|Any CPU
		{01CE907C-6C14-300E-9F24-19CBA412B09B}.DebugGame|Win64.ActiveCfg = Development|Any CPU
		{01CE907C-6C14-300E-9F24-19CBA412B09B}.DebugGame|Win64.Build.0 = Development|Any CPU
		{01CE907C-6C14-300E-9F24-19CBA412B09B}.Development Editor|Win64.ActiveCfg = Development|Any CPU
		{01CE907C-6C14-300E-9F24-19CBA412B09B}.Development Editor|Win64.Build.0 = Development|Any CPU
		{01CE907C-6C14-300E-9F24-19CBA412B09B}.Development|Win64.ActiveCfg = Development|Any CPU
		{01CE907C-6C14-300E-9F24-19CBA412B09B}.Development|Win64.Build.0 = Development|Any CPU
		{01CE907C-6C14-300E-9F24-19CBA412B09B}.Shipping|Win64.ActiveCfg = Development|Any CPU
		{01CE907C-6C14-300E-9F24-19CBA412B09B}.Shipping|Win64.Build.0 = Development|Any CPU
		{FF385709-C7B7-307C-A4E4-5400CC5A7A3D}.DebugGame Editor|Win64.ActiveCfg = Development|Any CPU
		{FF385709-C7B7-307C-A4E4-5400CC5A7A3D}.DebugGame Editor|Win64.Build.0 = Development|Any CPU
		{FF385709-C7B7-307C-A4E4-5400CC5A7A3D}.DebugGame|Win64.ActiveCfg = Development|Any CPU
		{FF385709-C7B7-307C-A4E4-5400CC5A7A3D}.DebugGame|Win64.Build.0 = Development|Any CPU
		{FF385709-C7B7-307C-A4E4-5400CC5A7A3D}.Development Editor|Win64.ActiveCfg = Development|Any CPU
		{FF385709-C7B7-307C-A4E4-5400CC5A7A3D}.Development Editor|Win64.Build.0 = Development|Any CPU
		{FF385709-C7B7-307C-A4E4-5400CC5A7A3D}.Development|Win64.ActiveCfg = Development|Any CPU
		{FF385709-C7B7-307C-A4E4-5400CC5A7A3D}.Development|Win64.Build.0 = Development|Any CPU
		{FF385709-C7B7-307C-A4E4-5400CC5A7A3D}.Shipping|Win64.ActiveCfg = Development|Any CPU
		{FF385709-C7B7-307C-A4E4-5400CC5A7A3D}.Shipping|Win64.Build.0 = Development|Any CPU
		{4FE1E405-6AAC-3CC8-BB7A-42C6E22559D6}.DebugGame Editor|Win64.ActiveCfg = Development|Any CPU
		{4FE1E405-6AAC-3CC8-BB7A-42C6E22559D6}.DebugGame Editor|Win64.Build.0 = Development|Any CPU
		{4FE1E405-6AAC-3CC8-BB7A-42C6E22559D6}.DebugGame|Win64.ActiveCfg = Development|Any CPU
		{4FE1E405-6AAC-3CC8-BB7A-42C6E22559D6}.DebugGame|Win64.Build.0 = Development|Any CPU
		{4FE1E405-6AAC-3CC8-BB7A-42C6E22559D6}.Development Editor|Win64.ActiveCfg = Development|Any CPU
		{4FE1E405-6AAC-3CC8-BB7A-42C6E22559D6}.Development Editor|Win64.Build.0 = Development|Any CPU
		{4FE1E405-6AAC-3CC8-BB7A-42C6E22559D6}.Development|Win64.ActiveCfg = Development|Any CPU
		{4FE1E405-6AAC-3CC8-BB7A-42C6E22559D6}.Development|Win64.Build.0 = Development|Any CPU
		{4FE1E405-6AAC-3CC8-BB7A-42C6E22559D6}.Shipping|Win64.ActiveCfg = Development|Any CPU
		{4FE1E405-6AAC-3CC8-BB7A-42C6E22559D6}.Shipping|Win64.Build.0 = Development|Any CPU
		{F4C76368-8B46-3BF2-99CF-3ECDE1CFD964}.DebugGame Editor|Win64.ActiveCfg = Development|Any CPU
		{F4C76368-8B46-3BF2-99CF-3ECDE1CFD964}.DebugGame Editor|Win64.Build.0 = Development|Any CPU
		{F4C76368-8B46-3BF2-99CF-3ECDE1CFD964}.DebugGame|Win64.ActiveCfg = Development|Any CPU
		{F4C76368-8B46-3BF2-99CF-3ECDE1CFD964}.DebugGame|Win64.Build.0 = Development|Any CPU
		{F4C76368-8B46-3BF2-99CF-3ECDE1CFD964}.Development Editor|Win64.ActiveCfg = Development|Any CPU
		{F4C76368-8B46-3BF2-99CF-3ECDE1CFD964}.Development Editor|Win64.Build.0 = Development|Any CPU
		{F4C76368-8B46-3BF2-99CF-3ECDE1CFD964}.Development|Win64.ActiveCfg = Development|Any CPU
		{F4C76368-8B46-3BF2-99CF-3ECDE1CFD964}.Development|Win64.Build.0 = Development|Any CPU
		{F4C76368-8B46-3BF2-99CF-3ECDE1CFD964}.Shipping|Win64.ActiveCfg = Development|Any CPU
		{F4C76368-8B46-3BF2-99CF-3ECDE1CFD964}.Shipping|Win64.Build.0 = Development|Any CPU
		{DE49E7EF-C2F2-395D-B7D5-51408640B892}.DebugGame Editor|Win64.ActiveCfg = Development|Any CPU
		{DE49E7EF-C2F2-395D-B7D5-51408640B892}.DebugGame Editor|Win64.Build.0 = Development|Any CPU
		{DE49E7EF-C2F2-395D-B7D5-51408640B892}.DebugGame|Win64.ActiveCfg = Development|Any CPU
		{DE49E7EF-C2F2-395D-B7D5-51408640B892}.DebugGame|Win64.Build.0 = Development|Any CPU
		{DE49E7EF-C2F2-395D-B7D5-51408640B892}.Development Editor|Win64.ActiveCfg = Development|Any CPU
		{DE49E7EF-C2F2-395D-B7D5-51408640B892}.Development Editor|Win64.Build.0 = Development|Any CPU
		{DE49E7EF-C2F2-395D-B7D5-51408640B892}.Development|Win64.ActiveCfg = Development|Any CPU
		{DE49E7EF-C2F2-395D-B7D5-51408640B892}.Development|Win64.Build.0 = Development|Any CPU
		{DE49E7EF-C2F2-395D-B7D5-51408640B892}.Shipping|Win64.ActiveCfg = Development|Any CPU
		{DE49E7EF-C2F2-395D-B7D5-51408640B892}.Shipping|Win64.Build.0 = Development|Any CPU
		{F5793245-D849-3153-9546-C9BDFB8229E6}.DebugGame Editor|Win64.ActiveCfg = Development|Any CPU
		{F5793245-D849-3153-9546-C9BDFB8229E6}.DebugGame Editor|Win64.Build.0 = Development|Any CPU
		{F5793245-D849-3153-9546-C9BDFB8229E6}.DebugGame|Win64.ActiveCfg = Development|Any CPU
		{F5793245-D849-3153-9546-C9BDFB8229E6}.DebugGame|Win64.Build.0 = Development|Any CPU
		{F5793245-D849-3153-9546-C9BDFB8229E6}.Development Editor|Win64.ActiveCfg = Development|Any CPU
		{F5793245-D849-3153-9546-C9BDFB8229E6}.Development Editor|Win64.Build.0 = Development|Any CPU
		{F5793245-D849-3153-9546-C9BDFB8229E6}.Development|Win64.ActiveCfg = Development|Any CPU
		{F5793245-D849-3153-9546-C9BDFB8229E6}.Development|Win64.Build.0 = Development|Any CPU
		{F5793245-D849-3153-9546-C9BDFB8229E6}.Shipping|Win64.ActiveCfg = Development|Any CPU
		{F5793245-D849-3153-9546-C9BDFB8229E6}.Shipping|Win64.Build.0 = Development|Any CPU
		{AF06724B-CA46-359F-A465-648C2EB40264}.DebugGame Editor|Win64.ActiveCfg = Development|Any CPU
		{AF06724B-CA46-359F-A465-648C2EB40264}.DebugGame Editor|Win64.Build.0 = Development|Any CPU
		{AF06724B-CA46-359F-A465-648C2EB40264}.DebugGame|Win64.ActiveCfg = Development|Any CPU
		{AF06724B-CA46-359F-A465-648C2EB40264}.DebugGame|Win64.Build.0 = Development|Any CPU
		{AF06724B-CA46-359F-A465-648C2EB40264}.Development Editor|Win64.ActiveCfg = Development|Any CPU
		{AF06724B-CA46-359F-A465-648C2EB40264}.Development Editor|Win64.Build.0 = Development|Any CPU
		{AF06724B-CA46-359F-A465-648C2EB40264}.Development|Win64.ActiveCfg = Development|Any CPU
		{AF06724B-CA46-359F-A465-648C2EB40264}.Development|Win64.Build.0 = Development|Any CPU
		{AF06724B-CA46-359F-A465-648C2EB40264}.Shipping|Win64.ActiveCfg = Development|Any CPU
		{AF06724B-CA46-359F-A465-648C2EB40264}.Shipping|Win64.Build.0 = Development|Any CPU
		{AFDE5165-326A-3330-AEEF-8F0EF612F569}.DebugGame Editor|Win64.ActiveCfg = Development|Any CPU
		{AFDE5165-326A-3330-AEEF-8F0EF612F569}.DebugGame Editor|Win64.Build.0 = Development|Any CPU
		{AFDE5165-326A-3330-AEEF-8F0EF612F569}.DebugGame|Win64.ActiveCfg = Development|Any CPU
		{AFDE5165-326A-3330-AEEF-8F0EF612F569}.DebugGame|Win64.Build.0 = Development|Any CPU
		{AFDE5165-326A-3330-AEEF-8F0EF612F569}.Development Editor|Win64.ActiveCfg = Development|Any CPU
		{AFDE5165-326A-3330-AEEF-8F0EF612F569}.Development Editor|Win64.Build.0 = Development|Any CPU
		{AFDE5165-326A-3330-AEEF-8F0EF612F569}.Development|Win64.ActiveCfg = Development|Any CPU
		{AFDE5165-326A-3330-AEEF-8F0EF612F569}.Development|Win64.Build.0 = Development|Any CPU
		{AFDE5165-326A-3330-AEEF-8F0EF612F569}.Shipping|Win64.ActiveCfg = Development|Any CPU
		{AFDE5165-326A-3330-AEEF-8F0EF612F569}.Shipping|Win64.Build.0 = Development|Any CPU
		{D4B68E08-B790-373F-9F88-349654467441}.DebugGame Editor|Win64.ActiveCfg = Development|Any CPU
		{D4B68E08-B790-373F-9F88-349654467441}.DebugGame Editor|Win64.Build.0 = Development|Any CPU
		{D4B68E08-B790-373F-9F88-349654467441}.DebugGame|Win64.ActiveCfg = Development|Any CPU
		{D4B68E08-B790-373F-9F88-349654467441}.DebugGame|Win64.Build.0 = Development|Any CPU
		{D4B68E08-B790-373F-9F88-349654467441}.Development Editor|Win64.ActiveCfg = Development|Any CPU
		{D4B68E08-B790-373F-9F88-349654467441}.Development Editor|Win64.Build.0 = Development|Any CPU
		{D4B68E08-B790-373F-9F88-349654467441}.Development|Win64.ActiveCfg = Development|Any CPU
		{D4B68E08-B790-373F-9F88-349654467441}.Development|Win64.Build.0 = Development|Any CPU
		{D4B68E08-B790-373F-9F88-349654467441}.Shipping|Win64.ActiveCfg = Development|Any CPU
		{D4B68E08-B790-373F-9F88-349654467441}.Shipping|Win64.Build.0 = Development|Any CPU
		{643DA689-4EF6-3319-AE86-BC60C0D5B55A}.DebugGame Editor|Win64.ActiveCfg = Development|Any CPU
		{643DA689-4EF6-3319-AE86-BC60C0D5B55A}.DebugGame Editor|Win64.Build.0 = Development|Any CPU
		{643DA689-4EF6-3319-AE86-BC60C0D5B55A}.DebugGame|Win64.ActiveCfg = Development|Any CPU
		{643DA689-4EF6-3319-AE86-BC60C0D5B55A}.DebugGame|Win64.Build.0 = Development|Any CPU
		{643DA689-4EF6-3319-AE86-BC60C0D5B55A}.Development Editor|Win64.ActiveCfg = Development|Any CPU
		{643DA689-4EF6-3319-AE86-BC60C0D5B55A}.Development Editor|Win64.Build.0 = Development|Any CPU
		{643DA689-4EF6-3319-AE86-BC60C0D5B55A}.Development|Win64.ActiveCfg = Development|Any CPU
		{643DA689-4EF6-3319-AE86-BC60C0D5B55A}.Development|Win64.Build.0 = Development|Any CPU
		{643DA689-4EF6-3319-AE86-BC60C0D5B55A}.Shipping|Win64.ActiveCfg = Development|Any CPU
		{643DA689-4EF6-3319-AE86-BC60C0D5B55A}.Shipping|Win64.Build.0 = Development|Any CPU
		{7B4E906A-8957-3F06-A4EB-6740EC641FD0}.DebugGame Editor|Win64.ActiveCfg = Development|Any CPU
		{7B4E906A-8957-3F06-A4EB-6740EC641FD0}.DebugGame Editor|Win64.Build.0 = Development|Any CPU
		{7B4E906A-8957-3F06-A4EB-6740EC641FD0}.DebugGame|Win64.ActiveCfg = Development|Any CPU
		{7B4E906A-8957-3F06-A4EB-6740EC641FD0}.DebugGame|Win64.Build.0 = Development|Any CPU
		{7B4E906A-8957-3F06-A4EB-6740EC641FD0}.Development Editor|Win64.ActiveCfg = Development|Any CPU
		{7B4E906A-8957-3F06-A4EB-6740EC641FD0}.Development Editor|Win64.Build.0 = Development|Any CPU
		{7B4E906A-8957-3F06-A4EB-6740EC641FD0}.Development|Win64.ActiveCfg = Development|Any CPU
		{7B4E906A-8957-3F06-A4EB-6740EC641FD0}.Development|Win64.Build.0 = Development|Any CPU
		{7B4E906A-8957-3F06-A4EB-6740EC641FD0}.Shipping|Win64.ActiveCfg = Development|Any CPU
		{7B4E906A-8957-3F06-A4EB-6740EC641FD0}.Shipping|Win64.Build.0 = Development|Any CPU
		{C4E73B8A-403D-3508-991E-845F825602A4}.DebugGame Editor|Win64.ActiveCfg = Development|Any CPU
		{C4E73B8A-403D-3508-991E-845F825602A4}.DebugGame Editor|Win64.Build.0 = Development|Any CPU
		{C4E73B8A-403D-3508-991E-845F825602A4}.DebugGame|Win64.ActiveCfg = Development|Any CPU
		{C4E73B8A-403D-3508-991E-845F825602A4}.DebugGame|Win64.Build.0 = Development|Any CPU
		{C4E73B8A-403D-3508-991E-845F825602A4}.Development Editor|Win64.ActiveCfg = Development|Any CPU
		{C4E73B8A-403D-3508-991E-845F825602A4}.Development Editor|Win64.Build.0 = Development|Any CPU
		{C4E73B8A-403D-3508-991E-845F825602A4}.Development|Win64.ActiveCfg = Development|Any CPU
		{C4E73B8A-403D-3508-991E-845F825602A4}.Development|Win64.Build.0 = Development|Any CPU
		{C4E73B8A-403D-3508-991E-845F825602A4}.Shipping|Win64.ActiveCfg = Development|Any CPU
		{C4E73B8A-403D-3508-991E-845F825602A4}.Shipping|Win64.Build.0 = Development|Any CPU
		{3684EDC7-F48B-3EBB-A0C2-88710B4ACE9F}.DebugGame Editor|Win64.ActiveCfg = Development|Any CPU
		{3684EDC7-F48B-3EBB-A0C2-88710B4ACE9F}.DebugGame Editor|Win64.Build.0 = Development|Any CPU
		{3684EDC7-F48B-3EBB-A0C2-88710B4ACE9F}.DebugGame|Win64.ActiveCfg = Development|Any CPU
		{3684EDC7-F48B-3EBB-A0C2-88710B4ACE9F}.DebugGame|Win64.Build.0 = Development|Any CPU
		{3684EDC7-F48B-3EBB-A0C2-88710B4ACE9F}.Development Editor|Win64.ActiveCfg = Development|Any CPU
		{3684EDC7-F48B-3EBB-A0C2-88710B4ACE9F}.Development Editor|Win64.Build.0 = Development|Any CPU
		{3684EDC7-F48B-3EBB-A0C2-88710B4ACE9F}.Development|Win64.ActiveCfg = Development|Any CPU
		{3684EDC7-F48B-3EBB-A0C2-88710B4ACE9F}.Development|Win64.Build.0 = Development|Any CPU
		{3684EDC7-F48B-3EBB-A0C2-88710B4ACE9F}.Shipping|Win64.ActiveCfg = Development|Any CPU
		{3684EDC7-F48B-3EBB-A0C2-88710B4ACE9F}.Shipping|Win64.Build.0 = Development|Any CPU
		{F01B9DF0-8A20-3D28-B428-FEC076169C22}.DebugGame Editor|Win64.ActiveCfg = Development|Any CPU
		{F01B9DF0-8A20-3D28-B428-FEC076169C22}.DebugGame Editor|Win64.Build.0 = Development|Any CPU
		{F01B9DF0-8A20-3D28-B428-FEC076169C22}.DebugGame|Win64.ActiveCfg = Development|Any CPU
		{F01B9DF0-8A20-3D28-B428-FEC076169C22}.DebugGame|Win64.Build.0 = Development|Any CPU
		{F01B9DF0-8A20-3D28-B428-FEC076169C22}.Development Editor|Win64.ActiveCfg = Development|Any CPU
		{F01B9DF0-8A20-3D28-B428-FEC076169C22}.Development Editor|Win64.Build.0 = Development|Any CPU
		{F01B9DF0-8A20-3D28-B428-FEC076169C22}.Development|Win64.ActiveCfg = Development|Any CPU
		{F01B9DF0-8A20-3D28-B428-FEC076169C22}.Development|Win64.Build.0 = Development|Any CPU
		{F01B9DF0-8A20-3D28-B428-FEC076169C22}.Shipping|Win64.ActiveCfg = Development|Any CPU
		{F01B9DF0-8A20-3D28-B428-FEC076169C22}.Shipping|Win64.Build.0 = Development|Any CPU
		{DB4C15F0-DE4B-32AC-958E-F83A50A94CCF}.DebugGame Editor|Win64.ActiveCfg = Development|Any CPU
		{DB4C15F0-DE4B-32AC-958E-F83A50A94CCF}.DebugGame Editor|Win64.Build.0 = Development|Any CPU
		{DB4C15F0-DE4B-32AC-958E-F83A50A94CCF}.DebugGame|Win64.ActiveCfg = Development|Any CPU
		{DB4C15F0-DE4B-32AC-958E-F83A50A94CCF}.DebugGame|Win64.Build.0 = Development|Any CPU
		{DB4C15F0-DE4B-32AC-958E-F83A50A94CCF}.Development Editor|Win64.ActiveCfg = Development|Any CPU
		{DB4C15F0-DE4B-32AC-958E-F83A50A94CCF}.Development Editor|Win64.Build.0 = Development|Any CPU
		{DB4C15F0-DE4B-32AC-958E-F83A50A94CCF}.Development|Win64.ActiveCfg = Development|Any CPU
		{DB4C15F0-DE4B-32AC-958E-F83A50A94CCF}.Development|Win64.Build.0 = Development|Any CPU
		{DB4C15F0-DE4B-32AC-958E-F83A50A94CCF}.Shipping|Win64.ActiveCfg = Development|Any CPU
		{DB4C15F0-DE4B-32AC-958E-F83A50A94CCF}.Shipping|Win64.Build.0 = Development|Any CPU
		{88899844-E45F-3D07-BA2A-C851E03B1AA8}.DebugGame Editor|Win64.ActiveCfg = Development|Any CPU
		{88899844-E45F-3D07-BA2A-C851E03B1AA8}.DebugGame Editor|Win64.Build.0 = Development|Any CPU
		{88899844-E45F-3D07-BA2A-C851E03B1AA8}.DebugGame|Win64.ActiveCfg = Development|Any CPU
		{88899844-E45F-3D07-BA2A-C851E03B1AA8}.DebugGame|Win64.Build.0 = Development|Any CPU
		{88899844-E45F-3D07-BA2A-C851E03B1AA8}.Development Editor|Win64.ActiveCfg = Development|Any CPU
		{88899844-E45F-3D07-BA2A-C851E03B1AA8}.Development Editor|Win64.Build.0 = Development|Any CPU
		{88899844-E45F-3D07-BA2A-C851E03B1AA8}.Development|Win64.ActiveCfg = Development|Any CPU
		{88899844-E45F-3D07-BA2A-C851E03B1AA8}.Development|Win64.Build.0 = Development|Any CPU
		{88899844-E45F-3D07-BA2A-C851E03B1AA8}.Shipping|Win64.ActiveCfg = Development|Any CPU
		{88899844-E45F-3D07-BA2A-C851E03B1AA8}.Shipping|Win64.Build.0 = Development|Any CPU
		{526263B1-893E-39C0-9EB1-3D7739BAEC27}.DebugGame Editor|Win64.ActiveCfg = Development|Any CPU
		{526263B1-893E-39C0-9EB1-3D7739BAEC27}.DebugGame Editor|Win64.Build.0 = Development|Any CPU
		{526263B1-893E-39C0-9EB1-3D7739BAEC27}.DebugGame|Win64.ActiveCfg = Development|Any CPU
		{526263B1-893E-39C0-9EB1-3D7739BAEC27}.DebugGame|Win64.Build.0 = Development|Any CPU
		{526263B1-893E-39C0-9EB1-3D7739BAEC27}.Development Editor|Win64.ActiveCfg = Development|Any CPU
		{526263B1-893E-39C0-9EB1-3D7739BAEC27}.Development Editor|Win64.Build.0 = Development|Any CPU
		{526263B1-893E-39C0-9EB1-3D7739BAEC27}.Development|Win64.ActiveCfg = Development|Any CPU
		{526263B1-893E-39C0-9EB1-3D7739BAEC27}.Development|Win64.Build.0 = Development|Any CPU
		{526263B1-893E-39C0-9EB1-3D7739BAEC27}.Shipping|Win64.ActiveCfg = Development|Any CPU
		{526263B1-893E-39C0-9EB1-3D7739BAEC27}.Shipping|Win64.Build.0 = Development|Any CPU
		{1BEFD87A-EF14-3E67-A723-B54BD7B04017}.DebugGame Editor|Win64.ActiveCfg = Development|Any CPU
		{1BEFD87A-EF14-3E67-A723-B54BD7B04017}.DebugGame Editor|Win64.Build.0 = Development|Any CPU
		{1BEFD87A-EF14-3E67-A723-B54BD7B04017}.DebugGame|Win64.ActiveCfg = Development|Any CPU
		{1BEFD87A-EF14-3E67-A723-B54BD7B04017}.DebugGame|Win64.Build.0 = Development|Any CPU
		{1BEFD87A-EF14-3E67-A723-B54BD7B04017}.Development Editor|Win64.ActiveCfg = Development|Any CPU
		{1BEFD87A-EF14-3E67-A723-B54BD7B04017}.Development Editor|Win64.Build.0 = Development|Any CPU
		{1BEFD87A-EF14-3E67-A723-B54BD7B04017}.Development|Win64.ActiveCfg = Development|Any CPU
		{1BEFD87A-EF14-3E67-A723-B54BD7B04017}.Development|Win64.Build.0 = Development|Any CPU
		{1BEFD87A-EF14-3E67-A723-B54BD7B04017}.Shipping|Win64.ActiveCfg = Development|Any CPU
		{1BEFD87A-EF14-3E67-A723-B54BD7B04017}.Shipping|Win64.Build.0 = Development|Any CPU
		{9FF88FFB-0B97-31EE-8F1F-F28EB3AAF759}.DebugGame Editor|Win64.ActiveCfg = Development|Any CPU
		{9FF88FFB-0B97-31EE-8F1F-F28EB3AAF759}.DebugGame Editor|Win64.Build.0 = Development|Any CPU
		{9FF88FFB-0B97-31EE-8F1F-F28EB3AAF759}.DebugGame|Win64.ActiveCfg = Development|Any CPU
		{9FF88FFB-0B97-31EE-8F1F-F28EB3AAF759}.DebugGame|Win64.Build.0 = Development|Any CPU
		{9FF88FFB-0B97-31EE-8F1F-F28EB3AAF759}.Development Editor|Win64.ActiveCfg = Development|Any CPU
		{9FF88FFB-0B97-31EE-8F1F-F28EB3AAF759}.Development Editor|Win64.Build.0 = Development|Any CPU
		{9FF88FFB-0B97-31EE-8F1F-F28EB3AAF759}.Development|Win64.ActiveCfg = Development|Any CPU
		{9FF88FFB-0B97-31EE-8F1F-F28EB3AAF759}.Development|Win64.Build.0 = Development|Any CPU
		{9FF88FFB-0B97-31EE-8F1F-F28EB3AAF759}.Shipping|Win64.ActiveCfg = Development|Any CPU
		{9FF88FFB-0B97-31EE-8F1F-F28EB3AAF759}.Shipping|Win64.Build.0 = Development|Any CPU
		{800A2899-B5F2-3005-A4A5-227309F2C277}.DebugGame Editor|Win64.ActiveCfg = Development|Any CPU
		{800A2899-B5F2-3005-A4A5-227309F2C277}.DebugGame Editor|Win64.Build.0 = Development|Any CPU
		{800A2899-B5F2-3005-A4A5-227309F2C277}.DebugGame|Win64.ActiveCfg = Development|Any CPU
		{800A2899-B5F2-3005-A4A5-227309F2C277}.DebugGame|Win64.Build.0 = Development|Any CPU
		{800A2899-B5F2-3005-A4A5-227309F2C277}.Development Editor|Win64.ActiveCfg = Development|Any CPU
		{800A2899-B5F2-3005-A4A5-227309F2C277}.Development Editor|Win64.Build.0 = Development|Any CPU
		{800A2899-B5F2-3005-A4A5-227309F2C277}.Development|Win64.ActiveCfg = Development|Any CPU
		{800A2899-B5F2-3005-A4A5-227309F2C277}.Development|Win64.Build.0 = Development|Any CPU
		{800A2899-B5F2-3005-A4A5-227309F2C277}.Shipping|Win64.ActiveCfg = Development|Any CPU
		{800A2899-B5F2-3005-A4A5-227309F2C277}.Shipping|Win64.Build.0 = Development|Any CPU
		{08D5AEF9-5DB5-3B52-8927-E0C75D186645}.DebugGame Editor|Win64.ActiveCfg = Development|Any CPU
		{08D5AEF9-5DB5-3B52-8927-E0C75D186645}.DebugGame Editor|Win64.Build.0 = Development|Any CPU
		{08D5AEF9-5DB5-3B52-8927-E0C75D186645}.DebugGame|Win64.ActiveCfg = Development|Any CPU
		{08D5AEF9-5DB5-3B52-8927-E0C75D186645}.DebugGame|Win64.Build.0 = Development|Any CPU
		{08D5AEF9-5DB5-3B52-8927-E0C75D186645}.Development Editor|Win64.ActiveCfg = Development|Any CPU
		{08D5AEF9-5DB5-3B52-8927-E0C75D186645}.Development Editor|Win64.Build.0 = Development|Any CPU
		{08D5AEF9-5DB5-3B52-8927-E0C75D186645}.Development|Win64.ActiveCfg = Development|Any CPU
		{08D5AEF9-5DB5-3B52-8927-E0C75D186645}.Development|Win64.Build.0 = Development|Any CPU
		{08D5AEF9-5DB5-3B52-8927-E0C75D186645}.Shipping|Win64.ActiveCfg = Development|Any CPU
		{08D5AEF9-5DB5-3B52-8927-E0C75D186645}.Shipping|Win64.Build.0 = Development|Any CPU
		{67165886-8B7D-346A-9D1D-F3266BCB11E2}.DebugGame Editor|Win64.ActiveCfg = Development|Any CPU
		{67165886-8B7D-346A-9D1D-F3266BCB11E2}.DebugGame Editor|Win64.Build.0 = Development|Any CPU
		{67165886-8B7D-346A-9D1D-F3266BCB11E2}.DebugGame|Win64.ActiveCfg = Development|Any CPU
		{67165886-8B7D-346A-9D1D-F3266BCB11E2}.DebugGame|Win64.Build.0 = Development|Any CPU
		{67165886-8B7D-346A-9D1D-F3266BCB11E2}.Development Editor|Win64.ActiveCfg = Development|Any CPU
		{67165886-8B7D-346A-9D1D-F3266BCB11E2}.Development Editor|Win64.Build.0 = Development|Any CPU
		{67165886-8B7D-346A-9D1D-F3266BCB11E2}.Development|Win64.ActiveCfg = Development|Any CPU
		{67165886-8B7D-346A-9D1D-F3266BCB11E2}.Development|Win64.Build.0 = Development|Any CPU
		{67165886-8B7D-346A-9D1D-F3266BCB11E2}.Shipping|Win64.ActiveCfg = Development|Any CPU
		{67165886-8B7D-346A-9D1D-F3266BCB11E2}.Shipping|Win64.Build.0 = Development|Any CPU
		{3BEE234E-C426-3EB6-8D19-E69F06A90B19}.DebugGame Editor|Win64.ActiveCfg = Development|Any CPU
		{3BEE234E-C426-3EB6-8D19-E69F06A90B19}.DebugGame Editor|Win64.Build.0 = Development|Any CPU
		{3BEE234E-C426-3EB6-8D19-E69F06A90B19}.DebugGame|Win64.ActiveCfg = Development|Any CPU
		{3BEE234E-C426-3EB6-8D19-E69F06A90B19}.DebugGame|Win64.Build.0 = Development|Any CPU
		{3BEE234E-C426-3EB6-8D19-E69F06A90B19}.Development Editor|Win64.ActiveCfg = Development|Any CPU
		{3BEE234E-C426-3EB6-8D19-E69F06A90B19}.Development Editor|Win64.Build.0 = Development|Any CPU
		{3BEE234E-C426-3EB6-8D19-E69F06A90B19}.Development|Win64.ActiveCfg = Development|Any CPU
		{3BEE234E-C426-3EB6-8D19-E69F06A90B19}.Development|Win64.Build.0 = Development|Any CPU
		{3BEE234E-C426-3EB6-8D19-E69F06A90B19}.Shipping|Win64.ActiveCfg = Development|Any CPU
		{3BEE234E-C426-3EB6-8D19-E69F06A90B19}.Shipping|Win64.Build.0 = Development|Any CPU
		{6EC99520-D576-3425-8E2D-51F9FF6F6D79}.DebugGame Editor|Win64.ActiveCfg = Development|Any CPU
		{6EC99520-D576-3425-8E2D-51F9FF6F6D79}.DebugGame Editor|Win64.Build.0 = Development|Any CPU
		{6EC99520-D576-3425-8E2D-51F9FF6F6D79}.DebugGame|Win64.ActiveCfg = Development|Any CPU
		{6EC99520-D576-3425-8E2D-51F9FF6F6D79}.DebugGame|Win64.Build.0 = Development|Any CPU
		{6EC99520-D576-3425-8E2D-51F9FF6F6D79}.Development Editor|Win64.ActiveCfg = Development|Any CPU
		{6EC99520-D576-3425-8E2D-51F9FF6F6D79}.Development Editor|Win64.Build.0 = Development|Any CPU
		{6EC99520-D576-3425-8E2D-51F9FF6F6D79}.Development|Win64.ActiveCfg = Development|Any CPU
		{6EC99520-D576-3425-8E2D-51F9FF6F6D79}.Development|Win64.Build.0 = Development|Any CPU
		{6EC99520-D576-3425-8E2D-51F9FF6F6D79}.Shipping|Win64.ActiveCfg = Development|Any CPU
		{6EC99520-D576-3425-8E2D-51F9FF6F6D79}.Shipping|Win64.Build.0 = Development|Any CPU
		{384D4777-7F43-35D2-B7C9-8CFC118C0210}.DebugGame Editor|Win64.ActiveCfg = Development|Any CPU
		{384D4777-7F43-35D2-B7C9-8CFC118C0210}.DebugGame Editor|Win64.Build.0 = Development|Any CPU
		{384D4777-7F43-35D2-B7C9-8CFC118C0210}.DebugGame|Win64.ActiveCfg = Development|Any CPU
		{384D4777-7F43-35D2-B7C9-8CFC118C0210}.DebugGame|Win64.Build.0 = Development|Any CPU
		{384D4777-7F43-35D2-B7C9-8CFC118C0210}.Development Editor|Win64.ActiveCfg = Development|Any CPU
		{384D4777-7F43-35D2-B7C9-8CFC118C0210}.Development Editor|Win64.Build.0 = Development|Any CPU
		{384D4777-7F43-35D2-B7C9-8CFC118C0210}.Development|Win64.ActiveCfg = Development|Any CPU
		{384D4777-7F43-35D2-B7C9-8CFC118C0210}.Development|Win64.Build.0 = Development|Any CPU
		{384D4777-7F43-35D2-B7C9-8CFC118C0210}.Shipping|Win64.ActiveCfg = Development|Any CPU
		{384D4777-7F43-35D2-B7C9-8CFC118C0210}.Shipping|Win64.Build.0 = Development|Any CPU
		{F264732E-6195-3A65-A7F3-2A65010C60F7}.DebugGame Editor|Win64.ActiveCfg = Development|Any CPU
		{F264732E-6195-3A65-A7F3-2A65010C60F7}.DebugGame Editor|Win64.Build.0 = Development|Any CPU
		{F264732E-6195-3A65-A7F3-2A65010C60F7}.DebugGame|Win64.ActiveCfg = Development|Any CPU
		{F264732E-6195-3A65-A7F3-2A65010C60F7}.DebugGame|Win64.Build.0 = Development|Any CPU
		{F264732E-6195-3A65-A7F3-2A65010C60F7}.Development Editor|Win64.ActiveCfg = Development|Any CPU
		{F264732E-6195-3A65-A7F3-2A65010C60F7}.Development Editor|Win64.Build.0 = Development|Any CPU
		{F264732E-6195-3A65-A7F3-2A65010C60F7}.Development|Win64.ActiveCfg = Development|Any CPU
		{F264732E-6195-3A65-A7F3-2A65010C60F7}.Development|Win64.Build.0 = Development|Any CPU
		{F264732E-6195-3A65-A7F3-2A65010C60F7}.Shipping|Win64.ActiveCfg = Development|Any CPU
		{F264732E-6195-3A65-A7F3-2A65010C60F7}.Shipping|Win64.Build.0 = Development|Any CPU
		{4119B5DE-80A8-32AB-8A5A-3F5CA87EB918}.DebugGame Editor|Win64.ActiveCfg = Development|Any CPU
		{4119B5DE-80A8-32AB-8A5A-3F5CA87EB918}.DebugGame Editor|Win64.Build.0 = Development|Any CPU
		{4119B5DE-80A8-32AB-8A5A-3F5CA87EB918}.DebugGame|Win64.ActiveCfg = Development|Any CPU
		{4119B5DE-80A8-32AB-8A5A-3F5CA87EB918}.DebugGame|Win64.Build.0 = Development|Any CPU
		{4119B5DE-80A8-32AB-8A5A-3F5CA87EB918}.Development Editor|Win64.ActiveCfg = Development|Any CPU
		{4119B5DE-80A8-32AB-8A5A-3F5CA87EB918}.Development Editor|Win64.Build.0 = Development|Any CPU
		{4119B5DE-80A8-32AB-8A5A-3F5CA87EB918}.Development|Win64.ActiveCfg = Development|Any CPU
		{4119B5DE-80A8-32AB-8A5A-3F5CA87EB918}.Development|Win64.Build.0 = Development|Any CPU
		{4119B5DE-80A8-32AB-8A5A-3F5CA87EB918}.Shipping|Win64.ActiveCfg = Development|Any CPU
		{4119B5DE-80A8-32AB-8A5A-3F5CA87EB918}.Shipping|Win64.Build.0 = Development|Any CPU
		{F024EDB0-2025-3CDD-99E8-B417758A3D60}.DebugGame Editor|Win64.ActiveCfg = Development|Any CPU
		{F024EDB0-2025-3CDD-99E8-B417758A3D60}.DebugGame Editor|Win64.Build.0 = Development|Any CPU
		{F024EDB0-2025-3CDD-99E8-B417758A3D60}.DebugGame|Win64.ActiveCfg = Development|Any CPU
		{F024EDB0-2025-3CDD-99E8-B417758A3D60}.DebugGame|Win64.Build.0 = Development|Any CPU
		{F024EDB0-2025-3CDD-99E8-B417758A3D60}.Development Editor|Win64.ActiveCfg = Development|Any CPU
		{F024EDB0-2025-3CDD-99E8-B417758A3D60}.Development Editor|Win64.Build.0 = Development|Any CPU
		{F024EDB0-2025-3CDD-99E8-B417758A3D60}.Development|Win64.ActiveCfg = Development|Any CPU
		{F024EDB0-2025-3CDD-99E8-B417758A3D60}.Development|Win64.Build.0 = Development|Any CPU
		{F024EDB0-2025-3CDD-99E8-B417758A3D60}.Shipping|Win64.ActiveCfg = Development|Any CPU
		{F024EDB0-2025-3CDD-99E8-B417758A3D60}.Shipping|Win64.Build.0 = Development|Any CPU
		{04BFD6CE-C1BA-33F6-A1F8-0827A68646F2}.DebugGame Editor|Win64.ActiveCfg = Development|Any CPU
		{04BFD6CE-C1BA-33F6-A1F8-0827A68646F2}.DebugGame Editor|Win64.Build.0 = Development|Any CPU
		{04BFD6CE-C1BA-33F6-A1F8-0827A68646F2}.DebugGame|Win64.ActiveCfg = Development|Any CPU
		{04BFD6CE-C1BA-33F6-A1F8-0827A68646F2}.DebugGame|Win64.Build.0 = Development|Any CPU
		{04BFD6CE-C1BA-33F6-A1F8-0827A68646F2}.Development Editor|Win64.ActiveCfg = Development|Any CPU
		{04BFD6CE-C1BA-33F6-A1F8-0827A68646F2}.Development Editor|Win64.Build.0 = Development|Any CPU
		{04BFD6CE-C1BA-33F6-A1F8-0827A68646F2}.Development|Win64.ActiveCfg = Development|Any CPU
		{04BFD6CE-C1BA-33F6-A1F8-0827A68646F2}.Development|Win64.Build.0 = Development|Any CPU
		{04BFD6CE-C1BA-33F6-A1F8-0827A68646F2}.Shipping|Win64.ActiveCfg = Development|Any CPU
		{04BFD6CE-C1BA-33F6-A1F8-0827A68646F2}.Shipping|Win64.Build.0 = Development|Any CPU
		{6957F792-E7FF-316D-8400-0B0E3AE1CC06}.DebugGame Editor|Win64.ActiveCfg = Development|Any CPU
		{6957F792-E7FF-316D-8400-0B0E3AE1CC06}.DebugGame Editor|Win64.Build.0 = Development|Any CPU
		{6957F792-E7FF-316D-8400-0B0E3AE1CC06}.DebugGame|Win64.ActiveCfg = Development|Any CPU
		{6957F792-E7FF-316D-8400-0B0E3AE1CC06}.DebugGame|Win64.Build.0 = Development|Any CPU
		{6957F792-E7FF-316D-8400-0B0E3AE1CC06}.Development Editor|Win64.ActiveCfg = Development|Any CPU
		{6957F792-E7FF-316D-8400-0B0E3AE1CC06}.Development Editor|Win64.Build.0 = Development|Any CPU
		{6957F792-E7FF-316D-8400-0B0E3AE1CC06}.Development|Win64.ActiveCfg = Development|Any CPU
		{6957F792-E7FF-316D-8400-0B0E3AE1CC06}.Development|Win64.Build.0 = Development|Any CPU
		{6957F792-E7FF-316D-8400-0B0E3AE1CC06}.Shipping|Win64.ActiveCfg = Development|Any CPU
		{6957F792-E7FF-316D-8400-0B0E3AE1CC06}.Shipping|Win64.Build.0 = Development|Any CPU
		{42DE493B-3EAE-37E8-B779-BFB2C4276F4A}.DebugGame Editor|Win64.ActiveCfg = Development|Any CPU
		{42DE493B-3EAE-37E8-B779-BFB2C4276F4A}.DebugGame Editor|Win64.Build.0 = Development|Any CPU
		{42DE493B-3EAE-37E8-B779-BFB2C4276F4A}.DebugGame|Win64.ActiveCfg = Development|Any CPU
		{42DE493B-3EAE-37E8-B779-BFB2C4276F4A}.DebugGame|Win64.Build.0 = Development|Any CPU
		{42DE493B-3EAE-37E8-B779-BFB2C4276F4A}.Development Editor|Win64.ActiveCfg = Development|Any CPU
		{42DE493B-3EAE-37E8-B779-BFB2C4276F4A}.Development Editor|Win64.Build.0 = Development|Any CPU
		{42DE493B-3EAE-37E8-B779-BFB2C4276F4A}.Development|Win64.ActiveCfg = Development|Any CPU
		{42DE493B-3EAE-37E8-B779-BFB2C4276F4A}.Development|Win64.Build.0 = Development|Any CPU
		{42DE493B-3EAE-37E8-B779-BFB2C4276F4A}.Shipping|Win64.ActiveCfg = Development|Any CPU
		{42DE493B-3EAE-37E8-B779-BFB2C4276F4A}.Shipping|Win64.Build.0 = Development|Any CPU
		{5F7E0969-5BEB-3ED2-AA3B-6EF664A89835}.DebugGame Editor|Win64.ActiveCfg = Development|Any CPU
		{5F7E0969-5BEB-3ED2-AA3B-6EF664A89835}.DebugGame Editor|Win64.Build.0 = Development|Any CPU
		{5F7E0969-5BEB-3ED2-AA3B-6EF664A89835}.DebugGame|Win64.ActiveCfg = Development|Any CPU
		{5F7E0969-5BEB-3ED2-AA3B-6EF664A89835}.DebugGame|Win64.Build.0 = Development|Any CPU
		{5F7E0969-5BEB-3ED2-AA3B-6EF664A89835}.Development Editor|Win64.ActiveCfg = Development|Any CPU
		{5F7E0969-5BEB-3ED2-AA3B-6EF664A89835}.Development Editor|Win64.Build.0 = Development|Any CPU
		{5F7E0969-5BEB-3ED2-AA3B-6EF664A89835}.Development|Win64.ActiveCfg = Development|Any CPU
		{5F7E0969-5BEB-3ED2-AA3B-6EF664A89835}.Development|Win64.Build.0 = Development|Any CPU
		{5F7E0969-5BEB-3ED2-AA3B-6EF664A89835}.Shipping|Win64.ActiveCfg = Development|Any CPU
		{5F7E0969-5BEB-3ED2-AA3B-6EF664A89835}.Shipping|Win64.Build.0 = Development|Any CPU
		{03C2981D-C599-359B-84B6-897585F4BF36}.DebugGame Editor|Win64.ActiveCfg = Development|Any CPU
		{03C2981D-C599-359B-84B6-897585F4BF36}.DebugGame Editor|Win64.Build.0 = Development|Any CPU
		{03C2981D-C599-359B-84B6-897585F4BF36}.DebugGame|Win64.ActiveCfg = Development|Any CPU
		{03C2981D-C599-359B-84B6-897585F4BF36}.DebugGame|Win64.Build.0 = Development|Any CPU
		{03C2981D-C599-359B-84B6-897585F4BF36}.Development Editor|Win64.ActiveCfg = Development|Any CPU
		{03C2981D-C599-359B-84B6-897585F4BF36}.Development Editor|Win64.Build.0 = Development|Any CPU
		{03C2981D-C599-359B-84B6-897585F4BF36}.Development|Win64.ActiveCfg = Development|Any CPU
		{03C2981D-C599-359B-84B6-897585F4BF36}.Development|Win64.Build.0 = Development|Any CPU
		{03C2981D-C599-359B-84B6-897585F4BF36}.Shipping|Win64.ActiveCfg = Development|Any CPU
		{03C2981D-C599-359B-84B6-897585F4BF36}.Shipping|Win64.Build.0 = Development|Any CPU
	EndGlobalSection
	GlobalSection(SolutionProperties) = preSolution
		HideSolutionNode = FALSE
	EndGlobalSection
	GlobalSection(NestedProjects) = preSolution
		{0BFBE63A-B98A-3411-8EEB-8918FEC737B3} = {A338B9E2-A559-34BE-A46D-F789DD488FAD}
		{57713676-9DBE-331C-AD10-26632AC9EE0C} = {A338B9E2-A559-34BE-A46D-F789DD488FAD}
		{7B5CFB44-F0FB-31DF-AE62-C3C096A29A7B} = {A338B9E2-A559-34BE-A46D-F789DD488FAD}
		{878C1871-C6DF-33D9-A14E-9D62E0801BE7} = {233774A8-CC9D-3FA9-86D1-90573E92B704}
		{24EF8ADF-24A5-3330-8444-E386165C4070} = {DE1F8B53-6C02-3C13-9101-A7C8D96F3FF6}
		{B7A70A52-E9F0-31D9-A1B6-D4C689523A76} = {A338B9E2-A559-34BE-A46D-F789DD488FAD}
		{34FE4859-55D0-3E0F-A266-87AA6722801E} = {A338B9E2-A559-34BE-A46D-F789DD488FAD}
		{D1382CC8-5E27-3FA8-AC1C-99444CAC931B} = {0BFBE63A-B98A-3411-8EEB-8918FEC737B3}
		{24941E28-EC0F-3D3B-AC4E-3BAF2AB156ED} = {0BFBE63A-B98A-3411-8EEB-8918FEC737B3}
		{A8944D4B-B42B-33D0-B1BB-D4104F5EE171} = {0BFBE63A-B98A-3411-8EEB-8918FEC737B3}
		{B1237799-CDB6-398E-A85A-5A8D222DC1A2} = {0BFBE63A-B98A-3411-8EEB-8918FEC737B3}
		{505D254D-276E-3C87-9734-EF8BC13BD11B} = {0BFBE63A-B98A-3411-8EEB-8918FEC737B3}
		{5CBC4459-228C-30FC-8537-87F1489D7E1E} = {0BFBE63A-B98A-3411-8EEB-8918FEC737B3}
		{4FE41868-0FDF-3C59-BADD-1C1788762DFF} = {0BFBE63A-B98A-3411-8EEB-8918FEC737B3}
		{19DC766D-C94E-3896-BB78-29EECBB2D853} = {0BFBE63A-B98A-3411-8EEB-8918FEC737B3}
		{B88C1FD0-A93F-3454-8536-00273DAB7030} = {0BFBE63A-B98A-3411-8EEB-8918FEC737B3}
		{CC4C4A71-A4E8-3EDA-9F35-BD24F212EC4F} = {0BFBE63A-B98A-3411-8EEB-8918FEC737B3}
		{67711DF6-909D-3261-8584-90D11CEF4A9B} = {0BFBE63A-B98A-3411-8EEB-8918FEC737B3}
		{01CE907C-6C14-300E-9F24-19CBA412B09B} = {0BFBE63A-B98A-3411-8EEB-8918FEC737B3}
		{FF385709-C7B7-307C-A4E4-5400CC5A7A3D} = {0BFBE63A-B98A-3411-8EEB-8918FEC737B3}
		{4FE1E405-6AAC-3CC8-BB7A-42C6E22559D6} = {0BFBE63A-B98A-3411-8EEB-8918FEC737B3}
		{F4C76368-8B46-3BF2-99CF-3ECDE1CFD964} = {0BFBE63A-B98A-3411-8EEB-8918FEC737B3}
		{DE49E7EF-C2F2-395D-B7D5-51408640B892} = {0BFBE63A-B98A-3411-8EEB-8918FEC737B3}
		{F5793245-D849-3153-9546-C9BDFB8229E6} = {0BFBE63A-B98A-3411-8EEB-8918FEC737B3}
		{AF06724B-CA46-359F-A465-648C2EB40264} = {0BFBE63A-B98A-3411-8EEB-8918FEC737B3}
		{AFDE5165-326A-3330-AEEF-8F0EF612F569} = {0BFBE63A-B98A-3411-8EEB-8918FEC737B3}
		{D4B68E08-B790-373F-9F88-349654467441} = {0BFBE63A-B98A-3411-8EEB-8918FEC737B3}
		{643DA689-4EF6-3319-AE86-BC60C0D5B55A} = {7B5CFB44-F0FB-31DF-AE62-C3C096A29A7B}
		{7B4E906A-8957-3F06-A4EB-6740EC641FD0} = {57713676-9DBE-331C-AD10-26632AC9EE0C}
		{C4E73B8A-403D-3508-991E-845F825602A4} = {57713676-9DBE-331C-AD10-26632AC9EE0C}
		{3684EDC7-F48B-3EBB-A0C2-88710B4ACE9F} = {57713676-9DBE-331C-AD10-26632AC9EE0C}
		{F01B9DF0-8A20-3D28-B428-FEC076169C22} = {57713676-9DBE-331C-AD10-26632AC9EE0C}
		{DB4C15F0-DE4B-32AC-958E-F83A50A94CCF} = {57713676-9DBE-331C-AD10-26632AC9EE0C}
		{88899844-E45F-3D07-BA2A-C851E03B1AA8} = {57713676-9DBE-331C-AD10-26632AC9EE0C}
		{526263B1-893E-39C0-9EB1-3D7739BAEC27} = {57713676-9DBE-331C-AD10-26632AC9EE0C}
		{1BEFD87A-EF14-3E67-A723-B54BD7B04017} = {57713676-9DBE-331C-AD10-26632AC9EE0C}
		{9FF88FFB-0B97-31EE-8F1F-F28EB3AAF759} = {57713676-9DBE-331C-AD10-26632AC9EE0C}
		{800A2899-B5F2-3005-A4A5-227309F2C277} = {57713676-9DBE-331C-AD10-26632AC9EE0C}
		{08D5AEF9-5DB5-3B52-8927-E0C75D186645} = {57713676-9DBE-331C-AD10-26632AC9EE0C}
		{67165886-8B7D-346A-9D1D-F3266BCB11E2} = {57713676-9DBE-331C-AD10-26632AC9EE0C}
		{3BEE234E-C426-3EB6-8D19-E69F06A90B19} = {57713676-9DBE-331C-AD10-26632AC9EE0C}
		{6EC99520-D576-3425-8E2D-51F9FF6F6D79} = {57713676-9DBE-331C-AD10-26632AC9EE0C}
		{384D4777-7F43-35D2-B7C9-8CFC118C0210} = {57713676-9DBE-331C-AD10-26632AC9EE0C}
		{F264732E-6195-3A65-A7F3-2A65010C60F7} = {57713676-9DBE-331C-AD10-26632AC9EE0C}
		{4119B5DE-80A8-32AB-8A5A-3F5CA87EB918} = {57713676-9DBE-331C-AD10-26632AC9EE0C}
		{F024EDB0-2025-3CDD-99E8-B417758A3D60} = {57713676-9DBE-331C-AD10-26632AC9EE0C}
		{04BFD6CE-C1BA-33F6-A1F8-0827A68646F2} = {57713676-9DBE-331C-AD10-26632AC9EE0C}
		{6957F792-E7FF-316D-8400-0B0E3AE1CC06} = {57713676-9DBE-331C-AD10-26632AC9EE0C}
		{42DE493B-3EAE-37E8-B779-BFB2C4276F4A} = {C2F57ECE-B26F-39D8-BDA7-C1D40BD8F180}
		{5F7E0969-5BEB-3ED2-AA3B-6EF664A89835} = {C2F57ECE-B26F-39D8-BDA7-C1D40BD8F180}
		{03C2981D-C599-359B-84B6-897585F4BF36} = {C2F57ECE-B26F-39D8-BDA7-C1D40BD8F180}
	EndGlobalSection
	GlobalSection(ExtensibilityGlobals) = postSolution
		SolutionGuid = {67DCBFD1-6FB0-470B-8FD9-B33B7AF6D23D}
	EndGlobalSection
	GlobalSection(ddbf523f-7eb6-4887-bd51-85a714ff87eb) = preSolution
		AvailablePlatforms = Win64
	EndGlobalSection
EndGlobal
